
Microsoft Visual Studio Solution File, Format Version 12.00
# Visual Studio Version 17
VisualStudioVersion = 17.13.35913.81
MinimumVisualStudioVersion = 10.0.40219.1
Project("{FAE04EC0-301F-11D3-BF4B-00C04F79EFBC}") = "RabbitShowcase.Basic.Producer", "RabbitShowcase.Basic\RabbitShowcase.Basic.Producer.csproj", "{B83B9134-1C36-4C75-B5C9-CC5229E5F706}"
EndProject
Project("{2150E333-8FDC-42A3-9474-1A3956D46DE8}") = "Basic", "Basic", "{36D591C7-65C7-A0D1-1CBC-10CDE441BDC8}"
EndProject
Project("{FAE04EC0-301F-11D3-BF4B-00C04F79EFBC}") = "RabbitShowcase.Basic.Consumer", "RabbitShowcase.Basic.Consumer\RabbitShowcase.Basic.Consumer.csproj", "{F256DB9A-308C-4764-807B-1F87DF4F0088}"
EndProject
Project("{2150E333-8FDC-42A3-9474-1A3956D46DE8}") = "PublishSubscribe", "PublishSubscribe", "{02EA681E-C7D8-13C7-8484-4AC65E1B71E8}"
EndProject
Project("{FAE04EC0-301F-11D3-BF4B-00C04F79EFBC}") = "RabbitMQShowcase.PublishSubscribe.Publisher", "RabbitMQShowcase.PublishSubscribe.Publisher\RabbitMQShowcase.PublishSubscribe.Publisher.csproj", "{569BA00B-AA33-4776-8E3E-9A6C1A04F34A}"
EndProject
Project("{FAE04EC0-301F-11D3-BF4B-00C04F79EFBC}") = "RabbitMQShowcase.PublishSubscribe.ConsumerOne", "RabbitMQShowcase.PublishSubscribe.ConsumerOne\RabbitMQShowcase.PublishSubscribe.ConsumerOne.csproj", "{ADF85342-F51B-473A-802A-0F477CD5037D}"
EndProject
Project("{FAE04EC0-301F-11D3-BF4B-00C04F79EFBC}") = "RabbitMQShowcase.PublishSubscribe.ConsumerTwo", "RabbitMQShowcase.PublishSubscribe.ConsumerTwo\RabbitMQShowcase.PublishSubscribe.ConsumerTwo.csproj", "{4F6CB054-1D8E-440D-83AB-FCDA7771409C}"
EndProject
Project("{2150E333-8FDC-42A3-9474-1A3956D46DE8}") = "WorkloadBalance", "WorkloadBalance", "{3ADEA364-0593-4A51-9ABD-0751497D7BFB}"
EndProject
Project("{FAE04EC0-301F-11D3-BF4B-00C04F79EFBC}") = "RabbitMQShowcase.WorkloadBalance.Publisher", "RabbitMQShowcase.WorkloadBalance.Publisher\RabbitMQShowcase.WorkloadBalance.Publisher.csproj", "{1F61032E-E24E-4638-AE91-618E31A12060}"
EndProject
Project("{FAE04EC0-301F-11D3-BF4B-00C04F79EFBC}") = "RabbitMQShowcase.WorkloadBalance.ConsumerOne", "RabbitMQShowcase.WorkloadBalance.ConsumerOne\RabbitMQShowcase.WorkloadBalance.ConsumerOne.csproj", "{1C04F3B2-B283-42E9-8740-A2E5818B731A}"
EndProject
Project("{FAE04EC0-301F-11D3-BF4B-00C04F79EFBC}") = "RabbitMQShowcase.WorkloadBalance.ConsumerTwo", "RabbitMQShowcase.WorkloadBalance.ConsumerTwo\RabbitMQShowcase.WorkloadBalance.ConsumerTwo.csproj", "{C8343D84-3CD9-4A96-A2D0-4FC213478F94}"
EndProject
Project("{2150E333-8FDC-42A3-9474-1A3956D46DE8}") = "Routing", "Routing", "{A547967D-95FD-4102-AD94-B89505CD0BC7}"
EndProject
Project("{FAE04EC0-301F-11D3-BF4B-00C04F79EFBC}") = "RabbitMQShowcase.Routing.Publisher", "RabbitMQShowcase.Routing.Publisher\RabbitMQShowcase.Routing.Publisher.csproj", "{65C32B22-54B6-4EE3-980D-C59577DDDF47}"
EndProject
Project("{FAE04EC0-301F-11D3-BF4B-00C04F79EFBC}") = "RabbitMQShowcase.Routing.ConsumerOne", "RabbitMQShowcase.Routing.ConsumerOne\RabbitMQShowcase.Routing.ConsumerOne.csproj", "{F23C58D9-A641-4CE7-BF6A-A51BF8D21981}"
EndProject
Project("{FAE04EC0-301F-11D3-BF4B-00C04F79EFBC}") = "RabbitMQShowcase.Routing.ConsumerTwo", "RabbitMQShowcase.Routing.ConsumerTwo\RabbitMQShowcase.Routing.ConsumerTwo.csproj", "{4A666718-E126-45B6-9E3D-628F5FC8D5B4}"
EndProject
Project("{FAE04EC0-301F-11D3-BF4B-00C04F79EFBC}") = "RabbitMQShowcase.Routing.ConsumerThree", "RabbitMQShowcase.Routing.ConsumerThree\RabbitMQShowcase.Routing.ConsumerThree.csproj", "{6F85BDF5-6717-46D3-91A0-B07F57251852}"
EndProject
Project("{2150E333-8FDC-42A3-9474-1A3956D46DE8}") = "RemoteProcedureCall", "RemoteProcedureCall", "{67E96FEF-FF9D-4014-970D-1582D395857A}"
EndProject
Project("{FAE04EC0-301F-11D3-BF4B-00C04F79EFBC}") = "RabbitMQShowcase.RemoteProcedureCall.SDK.Abstraction", "RabbitMQShowcase.RemoteProcedureCall.SDK.Abstraction\RabbitMQShowcase.RemoteProcedureCall.SDK.Abstraction.csproj", "{7F7EE614-BE5C-4235-801E-C8E3D42079FF}"
EndProject
Project("{FAE04EC0-301F-11D3-BF4B-00C04F79EFBC}") = "RabbitMQShowcase.RemoteProcedureCall.SDK", "RabbitMQShowcase.RemoteProcedureCall.SDK\RabbitMQShowcase.RemoteProcedureCall.SDK.csproj", "{818B308C-FC73-4227-BAC3-467075498601}"
EndProject
Project("{FAE04EC0-301F-11D3-BF4B-00C04F79EFBC}") = "RabbitMQShowcase.RemoteProcedureCall.BookStore", "RabbitMQShowcase.RemoteProcedureCall.BookStore\RabbitMQShowcase.RemoteProcedureCall.BookStore.csproj", "{9501B5BA-42D2-48ED-8966-671FBC87BC81}"
EndProject
Project("{FAE04EC0-301F-11D3-BF4B-00C04F79EFBC}") = "RabbitMQShowcase.RemoteProcedureCall.Inventory", "RabbitMQShowcase.RemoteProcedureCall.Inventory\RabbitMQShowcase.RemoteProcedureCall.Inventory.csproj", "{47DAD02C-12DD-4FDB-88B4-1FCBA54B3A84}"
EndProject
Global
	GlobalSection(SolutionConfigurationPlatforms) = preSolution
		Debug|Any CPU = Debug|Any CPU
		Release|Any CPU = Release|Any CPU
	EndGlobalSection
	GlobalSection(ProjectConfigurationPlatforms) = postSolution
		{B83B9134-1C36-4C75-B5C9-CC5229E5F706}.Debug|Any CPU.ActiveCfg = Debug|Any CPU
		{B83B9134-1C36-4C75-B5C9-CC5229E5F706}.Debug|Any CPU.Build.0 = Debug|Any CPU
		{B83B9134-1C36-4C75-B5C9-CC5229E5F706}.Release|Any CPU.ActiveCfg = Release|Any CPU
		{B83B9134-1C36-4C75-B5C9-CC5229E5F706}.Release|Any CPU.Build.0 = Release|Any CPU
		{F256DB9A-308C-4764-807B-1F87DF4F0088}.Debug|Any CPU.ActiveCfg = Debug|Any CPU
		{F256DB9A-308C-4764-807B-1F87DF4F0088}.Debug|Any CPU.Build.0 = Debug|Any CPU
		{F256DB9A-308C-4764-807B-1F87DF4F0088}.Release|Any CPU.ActiveCfg = Release|Any CPU
		{F256DB9A-308C-4764-807B-1F87DF4F0088}.Release|Any CPU.Build.0 = Release|Any CPU
		{569BA00B-AA33-4776-8E3E-9A6C1A04F34A}.Debug|Any CPU.ActiveCfg = Debug|Any CPU
		{569BA00B-AA33-4776-8E3E-9A6C1A04F34A}.Debug|Any CPU.Build.0 = Debug|Any CPU
		{569BA00B-AA33-4776-8E3E-9A6C1A04F34A}.Release|Any CPU.ActiveCfg = Release|Any CPU
		{569BA00B-AA33-4776-8E3E-9A6C1A04F34A}.Release|Any CPU.Build.0 = Release|Any CPU
		{ADF85342-F51B-473A-802A-0F477CD5037D}.Debug|Any CPU.ActiveCfg = Debug|Any CPU
		{ADF85342-F51B-473A-802A-0F477CD5037D}.Debug|Any CPU.Build.0 = Debug|Any CPU
		{ADF85342-F51B-473A-802A-0F477CD5037D}.Release|Any CPU.ActiveCfg = Release|Any CPU
		{ADF85342-F51B-473A-802A-0F477CD5037D}.Release|Any CPU.Build.0 = Release|Any CPU
		{4F6CB054-1D8E-440D-83AB-FCDA7771409C}.Debug|Any CPU.ActiveCfg = Debug|Any CPU
		{4F6CB054-1D8E-440D-83AB-FCDA7771409C}.Debug|Any CPU.Build.0 = Debug|Any CPU
		{4F6CB054-1D8E-440D-83AB-FCDA7771409C}.Release|Any CPU.ActiveCfg = Release|Any CPU
		{4F6CB054-1D8E-440D-83AB-FCDA7771409C}.Release|Any CPU.Build.0 = Release|Any CPU
		{1F61032E-E24E-4638-AE91-618E31A12060}.Debug|Any CPU.ActiveCfg = Debug|Any CPU
		{1F61032E-E24E-4638-AE91-618E31A12060}.Debug|Any CPU.Build.0 = Debug|Any CPU
		{1F61032E-E24E-4638-AE91-618E31A12060}.Release|Any CPU.ActiveCfg = Release|Any CPU
		{1F61032E-E24E-4638-AE91-618E31A12060}.Release|Any CPU.Build.0 = Release|Any CPU
		{1C04F3B2-B283-42E9-8740-A2E5818B731A}.Debug|Any CPU.ActiveCfg = Debug|Any CPU
		{1C04F3B2-B283-42E9-8740-A2E5818B731A}.Debug|Any CPU.Build.0 = Debug|Any CPU
		{1C04F3B2-B283-42E9-8740-A2E5818B731A}.Release|Any CPU.ActiveCfg = Release|Any CPU
		{1C04F3B2-B283-42E9-8740-A2E5818B731A}.Release|Any CPU.Build.0 = Release|Any CPU
		{C8343D84-3CD9-4A96-A2D0-4FC213478F94}.Debug|Any CPU.ActiveCfg = Debug|Any CPU
		{C8343D84-3CD9-4A96-A2D0-4FC213478F94}.Debug|Any CPU.Build.0 = Debug|Any CPU
		{C8343D84-3CD9-4A96-A2D0-4FC213478F94}.Release|Any CPU.ActiveCfg = Release|Any CPU
		{C8343D84-3CD9-4A96-A2D0-4FC213478F94}.Release|Any CPU.Build.0 = Release|Any CPU
		{65C32B22-54B6-4EE3-980D-C59577DDDF47}.Debug|Any CPU.ActiveCfg = Debug|Any CPU
		{65C32B22-54B6-4EE3-980D-C59577DDDF47}.Debug|Any CPU.Build.0 = Debug|Any CPU
		{65C32B22-54B6-4EE3-980D-C59577DDDF47}.Release|Any CPU.ActiveCfg = Release|Any CPU
		{65C32B22-54B6-4EE3-980D-C59577DDDF47}.Release|Any CPU.Build.0 = Release|Any CPU
		{F23C58D9-A641-4CE7-BF6A-A51BF8D21981}.Debug|Any CPU.ActiveCfg = Debug|Any CPU
		{F23C58D9-A641-4CE7-BF6A-A51BF8D21981}.Debug|Any CPU.Build.0 = Debug|Any CPU
		{F23C58D9-A641-4CE7-BF6A-A51BF8D21981}.Release|Any CPU.ActiveCfg = Release|Any CPU
		{F23C58D9-A641-4CE7-BF6A-A51BF8D21981}.Release|Any CPU.Build.0 = Release|Any CPU
		{4A666718-E126-45B6-9E3D-628F5FC8D5B4}.Debug|Any CPU.ActiveCfg = Debug|Any CPU
		{4A666718-E126-45B6-9E3D-628F5FC8D5B4}.Debug|Any CPU.Build.0 = Debug|Any CPU
		{4A666718-E126-45B6-9E3D-628F5FC8D5B4}.Release|Any CPU.ActiveCfg = Release|Any CPU
		{4A666718-E126-45B6-9E3D-628F5FC8D5B4}.Release|Any CPU.Build.0 = Release|Any CPU
		{6F85BDF5-6717-46D3-91A0-B07F57251852}.Debug|Any CPU.ActiveCfg = Debug|Any CPU
		{6F85BDF5-6717-46D3-91A0-B07F57251852}.Debug|Any CPU.Build.0 = Debug|Any CPU
		{6F85BDF5-6717-46D3-91A0-B07F57251852}.Release|Any CPU.ActiveCfg = Release|Any CPU
		{6F85BDF5-6717-46D3-91A0-B07F57251852}.Release|Any CPU.Build.0 = Release|Any CPU
		{7F7EE614-BE5C-4235-801E-C8E3D42079FF}.Debug|Any CPU.ActiveCfg = Debug|Any CPU
		{7F7EE614-BE5C-4235-801E-C8E3D42079FF}.Debug|Any CPU.Build.0 = Debug|Any CPU
		{7F7EE614-BE5C-4235-801E-C8E3D42079FF}.Release|Any CPU.ActiveCfg = Release|Any CPU
		{7F7EE614-BE5C-4235-801E-C8E3D42079FF}.Release|Any CPU.Build.0 = Release|Any CPU
		{818B308C-FC73-4227-BAC3-467075498601}.Debug|Any CPU.ActiveCfg = Debug|Any CPU
		{818B308C-FC73-4227-BAC3-467075498601}.Debug|Any CPU.Build.0 = Debug|Any CPU
		{818B308C-FC73-4227-BAC3-467075498601}.Release|Any CPU.ActiveCfg = Release|Any CPU
		{818B308C-FC73-4227-BAC3-467075498601}.Release|Any CPU.Build.0 = Release|Any CPU
		{9501B5BA-42D2-48ED-8966-671FBC87BC81}.Debug|Any CPU.ActiveCfg = Debug|Any CPU
		{9501B5BA-42D2-48ED-8966-671FBC87BC81}.Debug|Any CPU.Build.0 = Debug|Any CPU
		{9501B5BA-42D2-48ED-8966-671FBC87BC81}.Release|Any CPU.ActiveCfg = Release|Any CPU
		{9501B5BA-42D2-48ED-8966-671FBC87BC81}.Release|Any CPU.Build.0 = Release|Any CPU
		{47DAD02C-12DD-4FDB-88B4-1FCBA54B3A84}.Debug|Any CPU.ActiveCfg = Debug|Any CPU
		{47DAD02C-12DD-4FDB-88B4-1FCBA54B3A84}.Debug|Any CPU.Build.0 = Debug|Any CPU
		{47DAD02C-12DD-4FDB-88B4-1FCBA54B3A84}.Release|Any CPU.ActiveCfg = Release|Any CPU
		{47DAD02C-12DD-4FDB-88B4-1FCBA54B3A84}.Release|Any CPU.Build.0 = Release|Any CPU
	EndGlobalSection
	GlobalSection(SolutionProperties) = preSolution
		HideSolutionNode = FALSE
	EndGlobalSection
	GlobalSection(NestedProjects) = preSolution
		{B83B9134-1C36-4C75-B5C9-CC5229E5F706} = {36D591C7-65C7-A0D1-1CBC-10CDE441BDC8}
		{F256DB9A-308C-4764-807B-1F87DF4F0088} = {36D591C7-65C7-A0D1-1CBC-10CDE441BDC8}
		{569BA00B-AA33-4776-8E3E-9A6C1A04F34A} = {02EA681E-C7D8-13C7-8484-4AC65E1B71E8}
		{ADF85342-F51B-473A-802A-0F477CD5037D} = {02EA681E-C7D8-13C7-8484-4AC65E1B71E8}
		{4F6CB054-1D8E-440D-83AB-FCDA7771409C} = {02EA681E-C7D8-13C7-8484-4AC65E1B71E8}
		{1F61032E-E24E-4638-AE91-618E31A12060} = {3ADEA364-0593-4A51-9ABD-0751497D7BFB}
		{1C04F3B2-B283-42E9-8740-A2E5818B731A} = {3ADEA364-0593-4A51-9ABD-0751497D7BFB}
		{C8343D84-3CD9-4A96-A2D0-4FC213478F94} = {3ADEA364-0593-4A51-9ABD-0751497D7BFB}
		{65C32B22-54B6-4EE3-980D-C59577DDDF47} = {A547967D-95FD-4102-AD94-B89505CD0BC7}
		{F23C58D9-A641-4CE7-BF6A-A51BF8D21981} = {A547967D-95FD-4102-AD94-B89505CD0BC7}
		{4A666718-E126-45B6-9E3D-628F5FC8D5B4} = {A547967D-95FD-4102-AD94-B89505CD0BC7}
		{6F85BDF5-6717-46D3-91A0-B07F57251852} = {A547967D-95FD-4102-AD94-B89505CD0BC7}
		{7F7EE614-BE5C-4235-801E-C8E3D42079FF} = {67E96FEF-FF9D-4014-970D-1582D395857A}
		{818B308C-FC73-4227-BAC3-467075498601} = {67E96FEF-FF9D-4014-970D-1582D395857A}
		{9501B5BA-42D2-48ED-8966-671FBC87BC81} = {67E96FEF-FF9D-4014-970D-1582D395857A}
		{47DAD02C-12DD-4FDB-88B4-1FCBA54B3A84} = {67E96FEF-FF9D-4014-970D-1582D395857A}
	EndGlobalSection
	GlobalSection(ExtensibilityGlobals) = postSolution
		SolutionGuid = {664F9774-C44C-4A2C-A7A3-F624E0585FEA}
	EndGlobalSection
EndGlobal
